
Microsoft Visual Studio Solution File, Format Version 12.00
# Visual Studio Version 16
VisualStudioVersion = 16.0.31702.278
MinimumVisualStudioVersion = 10.0.40219.1
Project("{FAE04EC0-301F-11D3-BF4B-00C04F79EFBC}") = "SegundoParcialAndresNagashiro", "SegundoParcialAndresNagashiro\SegundoParcialAndresNagashiro.csproj", "{29E135AD-0E84-4567-8441-A380E1A64E17}"
EndProject
Global
	GlobalSection(SolutionConfigurationPlatforms) = preSolution
		Debug|Any CPU = Debug|Any CPU
		Release|Any CPU = Release|Any CPU
	EndGlobalSection
	GlobalSection(ProjectConfigurationPlatforms) = postSolution
		{29E135AD-0E84-4567-8441-A380E1A64E17}.Debug|Any CPU.ActiveCfg = Debug|Any CPU
		{29E135AD-0E84-4567-8441-A380E1A64E17}.Debug|Any CPU.Build.0 = Debug|Any CPU
		{29E135AD-0E84-4567-8441-A380E1A64E17}.Release|Any CPU.ActiveCfg = Release|Any CPU
		{29E135AD-0E84-4567-8441-A380E1A64E17}.Release|Any CPU.Build.0 = Release|Any CPU
	EndGlobalSection
	GlobalSection(SolutionProperties) = preSolution
		HideSolutionNode = FALSE
	EndGlobalSection
	GlobalSection(ExtensibilityGlobals) = postSolution
		SolutionGuid = {0D1C0B57-810D-46DE-83F7-7A0376296B82}
	EndGlobalSection
EndGlobal
